Microsoft Visual Studio Solution File, Format Version 12.00
# Visual Studio Version 17
VisualStudioVersion = 17.5.2.0
MinimumVisualStudioVersion = 10.0.40219.1
Project("{FAE04EC0-301F-11D3-BF4B-00C04F79EFBC}") = "TestFizzBuzz", "TestFizzBuzz.csproj", "{A02AA0E9-BD08-1113-4A1F-AC8EE4D46542}"
EndProject
Global
	GlobalSection(SolutionConfigurationPlatforms) = preSolution
		Debug|Any CPU = Debug|Any CPU
		Release|Any CPU = Release|Any CPU
	EndGlobalSection
	GlobalSection(ProjectConfigurationPlatforms) = postSolution
		{A02AA0E9-BD08-1113-4A1F-AC8EE4D46542}.Debug|Any CPU.ActiveCfg = Debug|Any CPU
		{A02AA0E9-BD08-1113-4A1F-AC8EE4D46542}.Debug|Any CPU.Build.0 = Debug|Any CPU
		{A02AA0E9-BD08-1113-4A1F-AC8EE4D46542}.Release|Any CPU.ActiveCfg = Release|Any CPU
		{A02AA0E9-BD08-1113-4A1F-AC8EE4D46542}.Release|Any CPU.Build.0 = Release|Any CPU
	EndGlobalSection
	GlobalSection(SolutionProperties) = preSolution
		HideSolutionNode = FALSE
	EndGlobalSection
	GlobalSection(ExtensibilityGlobals) = postSolution
		SolutionGuid = {193675A5-D665-4B65-9DD8-232398E62798}
	EndGlobalSection
EndGlobal
